
Microsoft Visual Studio Solution File, Format Version 12.00
# Visual Studio Version 16
VisualStudioVersion = 16.0.31321.278
MinimumVisualStudioVersion = 10.0.40219.1
Project("{FAE04EC0-301F-11D3-BF4B-00C04F79EFBC}") = "TaskJunior7", "TaskJunior7\TaskJunior7.csproj", "{6F858496-739B-4550-960E-27D91B046C2F}"
EndProject
Global
	GlobalSection(SolutionConfigurationPlatforms) = preSolution
		Debug|Any CPU = Debug|Any CPU
		Release|Any CPU = Release|Any CPU
	EndGlobalSection
	GlobalSection(ProjectConfigurationPlatforms) = postSolution
		{6F858496-739B-4550-960E-27D91B046C2F}.Debug|Any CPU.ActiveCfg = Debug|Any CPU
		{6F858496-739B-4550-960E-27D91B046C2F}.Debug|Any CPU.Build.0 = Debug|Any CPU
		{6F858496-739B-4550-960E-27D91B046C2F}.Release|Any CPU.ActiveCfg = Release|Any CPU
		{6F858496-739B-4550-960E-27D91B046C2F}.Release|Any CPU.Build.0 = Release|Any CPU
	EndGlobalSection
	GlobalSection(SolutionProperties) = preSolution
		HideSolutionNode = FALSE
	EndGlobalSection
	GlobalSection(ExtensibilityGlobals) = postSolution
		SolutionGuid = {32A2C62C-7B7B-4530-B70B-407E56C1FD50}
	EndGlobalSection
EndGlobal
